<Solution>
  <Project Path="KpzRepository.PostgreSql.Tests/KpzRepository.PostgreSql.Tests.csproj" Id="53f490fa-b53d-47c2-9fe5-cbc28bc861fe" />
  <Project Path="KpzRepository.PostgreSql/KpzRepository.PostgreSql.csproj" Id="f7f16835-735d-4f10-bbe5-acdb2d400d1f" />
  <Project Path="KpzRepository.Sqlite.Tests/KpzRepository.Sqlite.Tests.csproj" Id="b276f081-52f5-4b6e-8d95-642b9aa07edd" />
  <Project Path="KpzRepository.Sqlite/KpzRepository.Sqlite.csproj" Id="7525d6f4-40dc-4047-8c51-6d308cde8265" />
  <Project Path="KpzRepository.SqlServer.Tests/KpzRepository.SqlServer.Tests.csproj" Id="717f84aa-eedb-4871-abea-9921b8133ec5" />
  <Project Path="KpzRepository.SqlServer/KpzRepository.SqlServer.csproj" />
  <Project Path="KpzRepository/KpzRepository.csproj" />
</Solution>
